
Microsoft Visual Studio Solution File, Format Version 12.00
# Visual Studio Version 17
VisualStudioVersion = 17.5.002.0
MinimumVisualStudioVersion = 10.0.40219.1
Project("{9A19103F-16F7-4668-BE54-9A1E7A4F7556}") = "MobileAds", "MobileAds.csproj", "{8796C6DF-2A8E-4633-A12C-316B22DE2F4F}"
EndProject
Global
	GlobalSection(SolutionConfigurationPlatforms) = preSolution
		Debug|Any CPU = Debug|Any CPU
		Release|Any CPU = Release|Any CPU
	EndGlobalSection
	GlobalSection(ProjectConfigurationPlatforms) = postSolution
		{8796C6DF-2A8E-4633-A12C-316B22DE2F4F}.Debug|Any CPU.ActiveCfg = Debug|Any CPU
		{8796C6DF-2A8E-4633-A12C-316B22DE2F4F}.Debug|Any CPU.Build.0 = Debug|Any CPU
		{8796C6DF-2A8E-4633-A12C-316B22DE2F4F}.Release|Any CPU.ActiveCfg = Release|Any CPU
		{8796C6DF-2A8E-4633-A12C-316B22DE2F4F}.Release|Any CPU.Build.0 = Release|Any CPU
	EndGlobalSection
	GlobalSection(SolutionProperties) = preSolution
		HideSolutionNode = FALSE
	EndGlobalSection
	GlobalSection(ExtensibilityGlobals) = postSolution
		SolutionGuid = {3D56D9C2-965D-4A34-90E4-6840C26F6E46}
	EndGlobalSection
EndGlobal
